
Microsoft Visual Studio Solution File, Format Version 12.00
# Visual Studio Version 16
VisualStudioVersion = 16.0.31729.503
MinimumVisualStudioVersion = 10.0.40219.1
Project("{FAE04EC0-301F-11D3-BF4B-00C04F79EFBC}") = "AutoUploadBosa", "AutoUploadBosa\AutoUploadBosa.csproj", "{E3CD1717-B41F-4580-9C13-90CA655AA57F}"
EndProject
Global
	GlobalSection(SolutionConfigurationPlatforms) = preSolution
		Debug|Any CPU = Debug|Any CPU
		Release|Any CPU = Release|Any CPU
	EndGlobalSection
	GlobalSection(ProjectConfigurationPlatforms) = postSolution
		{E3CD1717-B41F-4580-9C13-90CA655AA57F}.Debug|Any CPU.ActiveCfg = Debug|Any CPU
		{E3CD1717-B41F-4580-9C13-90CA655AA57F}.Debug|Any CPU.Build.0 = Debug|Any CPU
		{E3CD1717-B41F-4580-9C13-90CA655AA57F}.Release|Any CPU.ActiveCfg = Release|Any CPU
		{E3CD1717-B41F-4580-9C13-90CA655AA57F}.Release|Any CPU.Build.0 = Release|Any CPU
	EndGlobalSection
	GlobalSection(SolutionProperties) = preSolution
		HideSolutionNode = FALSE
	EndGlobalSection
	GlobalSection(ExtensibilityGlobals) = postSolution
		SolutionGuid = {7A656664-C8D7-4715-94D3-23E3B06D843B}
	EndGlobalSection
EndGlobal
